
Microsoft Visual Studio Solution File, Format Version 12.00
# Visual Studio 2012
Project("{FAE04EC0-301F-11D3-BF4B-00C04F79EFBC}") = "T4Toolbox10RVSIX", "T4Toolbox10RVSIX\T4Toolbox10RVSIX.csproj", "{5CED569E-F8E1-4693-97C1-507535DC835A}"
EndProject
Project("{FAE04EC0-301F-11D3-BF4B-00C04F79EFBC}") = "T4Toolbox10R", "T4Toolbox10R\T4Toolbox10R.csproj", "{1E2F4837-C89F-4FAE-BB84-C30872CE053A}"
EndProject
Global
	GlobalSection(SolutionConfigurationPlatforms) = preSolution
		Debug|Any CPU = Debug|Any CPU
		Release|Any CPU = Release|Any CPU
	EndGlobalSection
	GlobalSection(ProjectConfigurationPlatforms) = postSolution
		{5CED569E-F8E1-4693-97C1-507535DC835A}.Debug|Any CPU.ActiveCfg = Debug|Any CPU
		{5CED569E-F8E1-4693-97C1-507535DC835A}.Debug|Any CPU.Build.0 = Debug|Any CPU
		{5CED569E-F8E1-4693-97C1-507535DC835A}.Release|Any CPU.ActiveCfg = Release|Any CPU
		{5CED569E-F8E1-4693-97C1-507535DC835A}.Release|Any CPU.Build.0 = Release|Any CPU
		{1E2F4837-C89F-4FAE-BB84-C30872CE053A}.Debug|Any CPU.ActiveCfg = Debug|Any CPU
		{1E2F4837-C89F-4FAE-BB84-C30872CE053A}.Debug|Any CPU.Build.0 = Debug|Any CPU
		{1E2F4837-C89F-4FAE-BB84-C30872CE053A}.Release|Any CPU.ActiveCfg = Release|Any CPU
		{1E2F4837-C89F-4FAE-BB84-C30872CE053A}.Release|Any CPU.Build.0 = Release|Any CPU
	EndGlobalSection
	GlobalSection(SolutionProperties) = preSolution
		HideSolutionNode = FALSE
	EndGlobalSection
EndGlobal
